
Microsoft Visual Studio Solution File, Format Version 12.00
# Visual Studio 15
VisualStudioVersion = 15.0.28010.2003
MinimumVisualStudioVersion = 10.0.40219.1
Project("{FAE04EC0-301F-11D3-BF4B-00C04F79EFBC}") = "Moxy.Api", "src\Moxy.Api\Moxy.Api.csproj", "{D841908D-B618-46B7-A359-A9571208CC3E}"
EndProject
Project("{2150E333-8FDC-42A3-9474-1A3956D46DE8}") = "Moxy.Core", "Moxy.Core", "{D192A0BF-601E-49A8-8928-58C8E9AFE128}"
EndProject
Project("{FAE04EC0-301F-11D3-BF4B-00C04F79EFBC}") = "Moxy.Swagger", "src\Moxy.Core\Moxy.Swagger\Moxy.Swagger.csproj", "{4371E979-F06F-4A41-AC44-106A41838498}"
EndProject
Project("{2150E333-8FDC-42A3-9474-1A3956D46DE8}") = "Moxy.Application", "Moxy.Application", "{E3936381-997F-49A8-B6A9-AB3F4C02ABB0}"
EndProject
Global
	GlobalSection(SolutionConfigurationPlatforms) = preSolution
		Debug|Any CPU = Debug|Any CPU
		Release|Any CPU = Release|Any CPU
	EndGlobalSection
	GlobalSection(ProjectConfigurationPlatforms) = postSolution
		{D841908D-B618-46B7-A359-A9571208CC3E}.Debug|Any CPU.ActiveCfg = Debug|Any CPU
		{D841908D-B618-46B7-A359-A9571208CC3E}.Debug|Any CPU.Build.0 = Debug|Any CPU
		{D841908D-B618-46B7-A359-A9571208CC3E}.Release|Any CPU.ActiveCfg = Release|Any CPU
		{D841908D-B618-46B7-A359-A9571208CC3E}.Release|Any CPU.Build.0 = Release|Any CPU
		{4371E979-F06F-4A41-AC44-106A41838498}.Debug|Any CPU.ActiveCfg = Debug|Any CPU
		{4371E979-F06F-4A41-AC44-106A41838498}.Debug|Any CPU.Build.0 = Debug|Any CPU
		{4371E979-F06F-4A41-AC44-106A41838498}.Release|Any CPU.ActiveCfg = Release|Any CPU
		{4371E979-F06F-4A41-AC44-106A41838498}.Release|Any CPU.Build.0 = Release|Any CPU
	EndGlobalSection
	GlobalSection(SolutionProperties) = preSolution
		HideSolutionNode = FALSE
	EndGlobalSection
	GlobalSection(NestedProjects) = preSolution
		{4371E979-F06F-4A41-AC44-106A41838498} = {D192A0BF-601E-49A8-8928-58C8E9AFE128}
	EndGlobalSection
	GlobalSection(ExtensibilityGlobals) = postSolution
		SolutionGuid = {529E56C3-8A30-4D4A-85C8-725F0B4293E9}
	EndGlobalSection
EndGlobal
